
Microsoft Visual Studio Solution File, Format Version 12.00
# Visual Studio Version 16
VisualStudioVersion = 16.0.30011.22
MinimumVisualStudioVersion = 10.0.40219.1
Project("{FAE04EC0-301F-11D3-BF4B-00C04F79EFBC}") = "NinjaManagerASP", "NinjaManagerASP\NinjaManagerASP.csproj", "{9C54A880-C52A-4099-AE01-9DEC2E29BC42}"
EndProject
Project("{FAE04EC0-301F-11D3-BF4B-00C04F79EFBC}") = "NinjaManagerASP.Tests", "NinjaManagerASP.Tests\NinjaManagerASP.Tests.csproj", "{518A5D8C-6103-476A-B8CF-1D08A2BABE37}"
EndProject
Project("{00D1A9C2-B5F0-4AF3-8072-F6C62B433612}") = "NinjaManagerDatabase", "NinjaManagerDatabase\NinjaManagerDatabase.sqlproj", "{309C98D2-1FA6-4D31-A29D-096B3B271868}"
EndProject
Global
	GlobalSection(SolutionConfigurationPlatforms) = preSolution
		Debug|Any CPU = Debug|Any CPU
		Release|Any CPU = Release|Any CPU
	EndGlobalSection
	GlobalSection(ProjectConfigurationPlatforms) = postSolution
		{9C54A880-C52A-4099-AE01-9DEC2E29BC42}.Debug|Any CPU.ActiveCfg = Debug|Any CPU
		{9C54A880-C52A-4099-AE01-9DEC2E29BC42}.Debug|Any CPU.Build.0 = Debug|Any CPU
		{9C54A880-C52A-4099-AE01-9DEC2E29BC42}.Release|Any CPU.ActiveCfg = Release|Any CPU
		{9C54A880-C52A-4099-AE01-9DEC2E29BC42}.Release|Any CPU.Build.0 = Release|Any CPU
		{518A5D8C-6103-476A-B8CF-1D08A2BABE37}.Debug|Any CPU.ActiveCfg = Debug|Any CPU
		{518A5D8C-6103-476A-B8CF-1D08A2BABE37}.Debug|Any CPU.Build.0 = Debug|Any CPU
		{518A5D8C-6103-476A-B8CF-1D08A2BABE37}.Release|Any CPU.ActiveCfg = Release|Any CPU
		{518A5D8C-6103-476A-B8CF-1D08A2BABE37}.Release|Any CPU.Build.0 = Release|Any CPU
		{309C98D2-1FA6-4D31-A29D-096B3B271868}.Debug|Any CPU.ActiveCfg = Debug|Any CPU
		{309C98D2-1FA6-4D31-A29D-096B3B271868}.Debug|Any CPU.Build.0 = Debug|Any CPU
		{309C98D2-1FA6-4D31-A29D-096B3B271868}.Debug|Any CPU.Deploy.0 = Debug|Any CPU
		{309C98D2-1FA6-4D31-A29D-096B3B271868}.Release|Any CPU.ActiveCfg = Release|Any CPU
		{309C98D2-1FA6-4D31-A29D-096B3B271868}.Release|Any CPU.Build.0 = Release|Any CPU
		{309C98D2-1FA6-4D31-A29D-096B3B271868}.Release|Any CPU.Deploy.0 = Release|Any CPU
	EndGlobalSection
	GlobalSection(SolutionProperties) = preSolution
		HideSolutionNode = FALSE
	EndGlobalSection
	GlobalSection(ExtensibilityGlobals) = postSolution
		SolutionGuid = {4F3B7470-9B7D-4620-8376-B44DE471FA18}
	EndGlobalSection
EndGlobal
